
Microsoft Visual Studio Solution File, Format Version 12.00
# Visual Studio Version 16
VisualStudioVersion = 16.0.31424.327
MinimumVisualStudioVersion = 10.0.40219.1
Project("{FAE04EC0-301F-11D3-BF4B-00C04F79EFBC}") = "MigracaoSVN", "MigracaoSVN.csproj", "{4BD4F7FB-ED51-48FD-8857-5BD354A0BDF7}"
EndProject
Global
	GlobalSection(SolutionConfigurationPlatforms) = preSolution
		Debug|Any CPU = Debug|Any CPU
		Release|Any CPU = Release|Any CPU
	EndGlobalSection
	GlobalSection(ProjectConfigurationPlatforms) = postSolution
		{4BD4F7FB-ED51-48FD-8857-5BD354A0BDF7}.Debug|Any CPU.ActiveCfg = Debug|Any CPU
		{4BD4F7FB-ED51-48FD-8857-5BD354A0BDF7}.Debug|Any CPU.Build.0 = Debug|Any CPU
		{4BD4F7FB-ED51-48FD-8857-5BD354A0BDF7}.Release|Any CPU.ActiveCfg = Release|Any CPU
		{4BD4F7FB-ED51-48FD-8857-5BD354A0BDF7}.Release|Any CPU.Build.0 = Release|Any CPU
	EndGlobalSection
	GlobalSection(SolutionProperties) = preSolution
		HideSolutionNode = FALSE
	EndGlobalSection
	GlobalSection(ExtensibilityGlobals) = postSolution
		SolutionGuid = {CFB1D0C5-08DC-46AF-81E8-AB2F5FF8E9E8}
	EndGlobalSection
EndGlobal
